
Microsoft Visual Studio Solution File, Format Version 12.00
# Visual Studio 15
VisualStudioVersion = 15.0.28307.421
MinimumVisualStudioVersion = 10.0.40219.1
Project("{FAE04EC0-301F-11D3-BF4B-00C04F79EFBC}") = "dotpwa", "dotpwa\dotpwa.csproj", "{C08F59E7-050D-4897-9CCA-6EE6AC2FF94B}"
EndProject
Global
	GlobalSection(SolutionConfigurationPlatforms) = preSolution
		Debug|Any CPU = Debug|Any CPU
		Release|Any CPU = Release|Any CPU
	EndGlobalSection
	GlobalSection(ProjectConfigurationPlatforms) = postSolution
		{C08F59E7-050D-4897-9CCA-6EE6AC2FF94B}.Debug|Any CPU.ActiveCfg = Debug|Any CPU
		{C08F59E7-050D-4897-9CCA-6EE6AC2FF94B}.Debug|Any CPU.Build.0 = Debug|Any CPU
		{C08F59E7-050D-4897-9CCA-6EE6AC2FF94B}.Release|Any CPU.ActiveCfg = Release|Any CPU
		{C08F59E7-050D-4897-9CCA-6EE6AC2FF94B}.Release|Any CPU.Build.0 = Release|Any CPU
	EndGlobalSection
	GlobalSection(SolutionProperties) = preSolution
		HideSolutionNode = FALSE
	EndGlobalSection
	GlobalSection(ExtensibilityGlobals) = postSolution
		SolutionGuid = {517DE7CC-1BDB-4988-A17F-8142F9F4A1B0}
	EndGlobalSection
EndGlobal
